// !$*UTF8*$!
{
	archiveVersion = 1;
	classes = {
	};
	objectVersion = 46;
	objects = {

/* Begin PBXBuildFile section */
		4F59DE581CC333B20058542B /* LaunchScreen.storyboard in Resources */ = {isa = PBXBuildFile; fileRef = 4F59DE561CC333B20058542B /* LaunchScreen.storyboard */; };
		4F59DE601CC334770058542B /* Main.storyboard in Resources */ = {isa = PBXBuildFile; fileRef = 4F59DE5F1CC334770058542B /* Main.storyboard */; };
		4F59DE661CC3349A0058542B /* AppDelegate.swift in Sources */ = {isa = PBXBuildFile; fileRef = 4F59DE611CC334990058542B /* AppDelegate.swift */; };
		4F59DE671CC3349A0058542B /* NewMapViewController.swift in Sources */ = {isa = PBXBuildFile; fileRef = 4F59DE621CC334990058542B /* NewMapViewController.swift */; };
		4F59DE681CC3349A0058542B /* ShowRouteViewController.swift in Sources */ = {isa = PBXBuildFile; fileRef = 4F59DE631CC3349A0058542B /* ShowRouteViewController.swift */; };
		4F59DE691CC3349A0058542B /* ViewController.swift in Sources */ = {isa = PBXBuildFile; fileRef = 4F59DE641CC3349A0058542B /* ViewController.swift */; };
		4F59DE6A1CC3349A0058542B /* BaseService.swift in Sources */ = {isa = PBXBuildFile; fileRef = 4F59DE651CC3349A0058542B /* BaseService.swift */; };
		4FB7FBC21CC35C570017AD5C /* Spot-Ninja-Background.png in Resources */ = {isa = PBXBuildFile; fileRef = 4FB7FBC11CC35C570017AD5C /* Spot-Ninja-Background.png */; };
		69A316776D0A44FFB09985C7 /* Pods_Spot_Ninja.framework in Frameworks */ = {isa = PBXBuildFile; fileRef = A17113319EA03A495E681CA1 /* Pods_Spot_Ninja.framework */; };
/* End PBXBuildFile section */

/* Begin PBXFileReference section */
		4F59DE4A1CC333B20058542B /* Spot Ninja.app */ = {isa = PBXFileReference; explicitFileType = wrapper.application; includeInIndex = 0; path = "Spot Ninja.app"; sourceTree = BUILT_PRODUCTS_DIR; };
		4F59DE571CC333B20058542B /* Base */ = {isa = PBXFileReference; lastKnownFileType = file.storyboard; name = Base; path = Base.lproj/LaunchScreen.storyboard; sourceTree = "<group>"; };
		4F59DE591CC333B20058542B /* Info.plist */ = {isa = PBXFileReference; lastKnownFileType = text.plist.xml; path = Info.plist; sourceTree = "<group>"; };
		4F59DE5F1CC334770058542B /* Main.storyboard */ = {isa = PBXFileReference; fileEncoding = 4; lastKnownFileType = file.storyboard; path = Main.storyboard; sourceTree = "<group>"; };
		4F59DE611CC334990058542B /* AppDelegate.swift */ = {isa = PBXFileReference; fileEncoding = 4; lastKnownFileType = sourcecode.swift; path = AppDelegate.swift; sourceTree = "<group>"; };
		4F59DE621CC334990058542B /* NewMapViewController.swift */ = {isa = PBXFileReference; fileEncoding = 4; lastKnownFileType = sourcecode.swift; path = NewMapViewController.swift; sourceTree = "<group>"; };
		4F59DE631CC3349A0058542B /* ShowRouteViewController.swift */ = {isa = PBXFileReference; fileEncoding = 4; lastKnownFileType = sourcecode.swift; path = ShowRouteViewController.swift; sourceTree = "<group>"; };
		4F59DE641CC3349A0058542B /* ViewController.swift */ = {isa = PBXFileReference; fileEncoding = 4; lastKnownFileType = sourcecode.swift; path = ViewController.swift; sourceTree = "<group>"; };
		4F59DE651CC3349A0058542B /* BaseService.swift */ = {isa = PBXFileReference; fileEncoding = 4; lastKnownFileType = sourcecode.swift; path = BaseService.swift; sourceTree = "<group>"; };
		4FB7FBC11CC35C570017AD5C /* Spot-Ninja-Background.png */ = {isa = PBXFileReference; lastKnownFileType = image.png; path = "Spot-Ninja-Background.png"; sourceTree = "<group>"; };
		9BB3681328ACBD3AAE9796FA /* Pods-Spot Ninja.release.xcconfig */ = {isa = PBXFileReference; includeInIndex = 1; lastKnownFileType = text.xcconfig; name = "Pods-Spot Ninja.release.xcconfig"; path = "Pods/Target Support Files/Pods-Spot Ninja/Pods-Spot Ninja.release.xcconfig"; sourceTree = "<group>"; };
		A17113319EA03A495E681CA1 /* Pods_Spot_Ninja.framework */ = {isa = PBXFileReference; explicitFileType = wrapper.framework; includeInIndex = 0; path = Pods_Spot_Ninja.framework; sourceTree = BUILT_PRODUCTS_DIR; };
		D94F27FC62E77B642BF99D78 /* Pods-Spot Ninja.debug.xcconfig */ = {isa = PBXFileReference; includeInIndex = 1; lastKnownFileType = text.xcconfig; name = "Pods-Spot Ninja.debug.xcconfig"; path = "Pods/Target Support Files/Pods-Spot Ninja/Pods-Spot Ninja.debug.xcconfig"; sourceTree = "<group>"; };
/* End PBXFileReference section */

/* Begin PBXFrameworksBuildPhase section */
		4F59DE471CC333B20058542B /* Frameworks */ = {
			isa = PBXFrameworksBuildPhase;
			buildActionMask = 2147483647;
			files = (
				69A316776D0A44FFB09985C7 /* Pods_Spot_Ninja.framework in Frameworks */,
			);
			runOnlyForDeploymentPostprocessing = 0;
		};
/* End PBXFrameworksBuildPhase section */

/* Begin PBXGroup section */
		4F59DE411CC333B20058542B = {
			isa = PBXGroup;
			children = (
				4F59DE4C1CC333B20058542B /* Spot Ninja */,
				4F59DE4B1CC333B20058542B /* Products */,
				8593B11CD4C8CBC41BF8554F /* Pods */,
				7183904AC02BA7DE07FF5783 /* Frameworks */,
			);
			sourceTree = "<group>";
		};
		4F59DE4B1CC333B20058542B /* Products */ = {
			isa = PBXGroup;
			children = (
				4F59DE4A1CC333B20058542B /* Spot Ninja.app */,
			);
			name = Products;
			sourceTree = "<group>";
		};
		4F59DE4C1CC333B20058542B /* Spot Ninja */ = {
			isa = PBXGroup;
			children = (
				4F59DE611CC334990058542B /* AppDelegate.swift */,
				4F59DE621CC334990058542B /* NewMapViewController.swift */,
				4F59DE631CC3349A0058542B /* ShowRouteViewController.swift */,
				4F59DE641CC3349A0058542B /* ViewController.swift */,
				4F59DE651CC3349A0058542B /* BaseService.swift */,
				4F59DE5F1CC334770058542B /* Main.storyboard */,
				4FB7FBC11CC35C570017AD5C /* Spot-Ninja-Background.png */,
				4F59DE561CC333B20058542B /* LaunchScreen.storyboard */,
				4F59DE591CC333B20058542B /* Info.plist */,
			);
			path = "Spot Ninja";
			sourceTree = "<group>";
		};
		7183904AC02BA7DE07FF5783 /* Frameworks */ = {
			isa = PBXGroup;
			children = (
				A17113319EA03A495E681CA1 /* Pods_Spot_Ninja.framework */,
			);
			name = Frameworks;
			sourceTree = "<group>";
		};
		8593B11CD4C8CBC41BF8554F /* Pods */ = {
			isa = PBXGroup;
			children = (
				D94F27FC62E77B642BF99D78 /* Pods-Spot Ninja.debug.xcconfig */,
				9BB3681328ACBD3AAE9796FA /* Pods-Spot Ninja.release.xcconfig */,
			);
			name = Pods;
			sourceTree = "<group>";
		};
/* End PBXGroup section */

/* Begin PBXNativeTarget section */
		4F59DE491CC333B20058542B /* Spot Ninja */ = {
			isa = PBXNativeTarget;
			buildConfigurationList = 4F59DE5C1CC333B20058542B /* Build configuration list for PBXNativeTarget "Spot Ninja" */;
			buildPhases = (
				BC015E7114C376E29BB9BB96 /* Check Pods Manifest.lock */,
				4F59DE461CC333B20058542B /* Sources */,
				4F59DE471CC333B20058542B /* Frameworks */,
				4F59DE481CC333B20058542B /* Resources */,
				638CE77995DC43468D392F19 /* Embed Pods Frameworks */,
				C7B0EA9E4E64339DD9CC293A /* Copy Pods Resources */,
			);
			buildRules = (
			);
			dependencies = (
			);
			name = "Spot Ninja";
			productName = "Spot Ninja";
			productReference = 4F59DE4A1CC333B20058542B /* Spot Ninja.app */;
			productType = "com.apple.product-type.application";
		};
/* End PBXNativeTarget section */

/* Begin PBXProject section */
		4F59DE421CC333B20058542B /* Project object */ = {
			isa = PBXProject;
			attributes = {
				LastSwiftUpdateCheck = 0730;
				LastUpgradeCheck = 0730;
				ORGANIZATIONNAME = "Marcello Martins";
				TargetAttributes = {
					4F59DE491CC333B20058542B = {
						CreatedOnToolsVersion = 7.3;
						DevelopmentTeam = 775H3RC5QP;
					};
				};
			};
			buildConfigurationList = 4F59DE451CC333B20058542B /* Build configuration list for PBXProject "Spot Ninja" */;
			compatibilityVersion = "Xcode 3.2";
			developmentRegion = English;
			hasScannedForEncodings = 0;
			knownRegions = (
				en,
				Base,
			);
			mainGroup = 4F59DE411CC333B20058542B;
			productRefGroup = 4F59DE4B1CC333B20058542B /* Products */;
			projectDirPath = "";
			projectRoot = "";
			targets = (
				4F59DE491CC333B20058542B /* Spot Ninja */,
			);
		};
/* End PBXProject section */

/* Begin PBXResourcesBuildPhase section */
		4F59DE481CC333B20058542B /* Resources */ = {
			isa = PBXResourcesBuildPhase;
			buildActionMask = 2147483647;
			files = (
				4FB7FBC21CC35C570017AD5C /* Spot-Ninja-Background.png in Resources */,
				4F59DE601CC334770058542B /* Main.storyboard in Resources */,
				4F59DE581CC333B20058542B /* LaunchScreen.storyboard in Resources */,
			);
			runOnlyForDeploymentPostprocessing = 0;
		};
/* End PBXResourcesBuildPhase section */

/* Begin PBXShellScriptBuildPhase section */
		638CE77995DC43468D392F19 /* Embed Pods Frameworks */ = {
			isa = PBXShellScriptBuildPhase;
			buildActionMask = 2147483647;
			files = (
			);
			inputPaths = (
			);
			name = "Embed Pods Frameworks";
			outputPaths = (
			);
			runOnlyForDeploymentPostprocessing = 0;
			shellPath = /bin/sh;
			shellScript = "\"${SRCROOT}/Pods/Target Support Files/Pods-Spot Ninja/Pods-Spot Ninja-frameworks.sh\"\n";
			showEnvVarsInLog = 0;
		};
		BC015E7114C376E29BB9BB96 /* Check Pods Manifest.lock */ = {
			isa = PBXShellScriptBuildPhase;
			buildActionMask = 2147483647;
			files = (
			);
			inputPaths = (
			);
			name = "Check Pods Manifest.lock";
			outputPaths = (
			);
			runOnlyForDeploymentPostprocessing = 0;
			shellPath = /bin/sh;
			shellScript = "diff \"${PODS_ROOT}/../Podfile.lock\" \"${PODS_ROOT}/Manifest.lock\" > /dev/null\nif [[ $? != 0 ]] ; then\n    cat << EOM\nerror: The sandbox is not in sync with the Podfile.lock. Run 'pod install' or update your CocoaPods installation.\nEOM\n    exit 1\nfi\n";
			showEnvVarsInLog = 0;
		};
		C7B0EA9E4E64339DD9CC293A /* Copy Pods Resources */ = {
			isa = PBXShellScriptBuildPhase;
			buildActionMask = 2147483647;
			files = (
			);
			inputPaths = (
			);
			name = "Copy Pods Resources";
			outputPaths = (
			);
			runOnlyForDeploymentPostprocessing = 0;
			shellPath = /bin/sh;
			shellScript = "\"${SRCROOT}/Pods/Target Support Files/Pods-Spot Ninja/Pods-Spot Ninja-resources.sh\"\n";
			showEnvVarsInLog = 0;
		};
/* End PBXShellScriptBuildPhase section */

/* Begin PBXSourcesBuildPhase section */
		4F59DE461CC333B20058542B /* Sources */ = {
			isa = PBXSourcesBuildPhase;
			buildActionMask = 2147483647;
			files = (
				4F59DE681CC3349A0058542B /* ShowRouteViewController.swift in Sources */,
				4F59DE671CC3349A0058542B /* NewMapViewController.swift in Sources */,
				4F59DE691CC3349A0058542B /* ViewController.swift in Sources */,
				4F59DE6A1CC3349A0058542B /* BaseService.swift in Sources */,
				4F59DE661CC3349A0058542B /* AppDelegate.swift in Sources */,
			);
			runOnlyForDeploymentPostprocessing = 0;
		};
/* End PBXSourcesBuildPhase section */

/* Begin PBXVariantGroup section */
		4F59DE561CC333B20058542B /* LaunchScreen.storyboard */ = {
			isa = PBXVariantGroup;
			children = (
				4F59DE571CC333B20058542B /* Base */,
			);
			name = LaunchScreen.storyboard;
			sourceTree = "<group>";
		};
/* End PBXVariantGroup section */

/* Begin XCBuildConfiguration section */
		4F59DE5A1CC333B20058542B /* Debug */ = {
			isa = XCBuildConfiguration;
			buildSettings = {
				ALWAYS_SEARCH_USER_PATHS = NO;
				CLANG_ANALYZER_NONNULL = YES;
				CLANG_CXX_LANGUAGE_STANDARD = "gnu++0x";
				CLANG_CXX_LIBRARY = "libc++";
				CLANG_ENABLE_MODULES = YES;
				CLANG_ENABLE_OBJC_ARC = YES;
				CLANG_WARN_BOOL_CONVERSION = YES;
				CLANG_WARN_CONSTANT_CONVERSION = YES;
				CLANG_WARN_DIRECT_OBJC_ISA_USAGE = YES_ERROR;
				CLANG_WARN_EMPTY_BODY = YES;
				CLANG_WARN_ENUM_CONVERSION = YES;
				CLANG_WARN_INT_CONVERSION = YES;
				CLANG_WARN_OBJC_ROOT_CLASS = YES_ERROR;
				CLANG_WARN_UNREACHABLE_CODE = YES;
				CLANG_WARN__DUPLICATE_METHOD_MATCH = YES;
				"CODE_SIGN_IDENTITY[sdk=iphoneos*]" = "iPhone Developer";
				COPY_PHASE_STRIP = NO;
				DEBUG_INFORMATION_FORMAT = dwarf;
				ENABLE_STRICT_OBJC_MSGSEND = YES;
				ENABLE_TESTABILITY = YES;
				GCC_C_LANGUAGE_STANDARD = gnu99;
				GCC_DYNAMIC_NO_PIC = NO;
				GCC_NO_COMMON_BLOCKS = YES;
				GCC_OPTIMIZATION_LEVEL = 0;
				GCC_PREPROCESSOR_DEFINITIONS = (
					"DEBUG=1",
					"$(inherited)",
				);
				GCC_WARN_64_TO_32_BIT_CONVERSION = YES;
				GCC_WARN_ABOUT_RETURN_TYPE = YES_ERROR;
				GCC_WARN_UNDECLARED_SELECTOR = YES;
				GCC_WARN_UNINITIALIZED_AUTOS = YES_AGGRESSIVE;
				GCC_WARN_UNUSED_FUNCTION = YES;
				GCC_WARN_UNUSED_VARIABLE = YES;
				IPHONEOS_DEPLOYMENT_TARGET = 9.3;
				MTL_ENABLE_DEBUG_INFO = YES;
				ONLY_ACTIVE_ARCH = YES;
				SDKROOT = iphoneos;
				SWIFT_OPTIMIZATION_LEVEL = "-Onone";
			};
			name = Debug;
		};
		4F59DE5B1CC333B20058542B /* Release */ = {
			isa = XCBuildConfiguration;
			buildSettings = {
				ALWAYS_SEARCH_USER_PATHS = NO;
				CLANG_ANALYZER_NONNULL = YES;
				CLANG_CXX_LANGUAGE_STANDARD = "gnu++0x";
				CLANG_CXX_LIBRARY = "libc++";
				CLANG_ENABLE_MODULES = YES;
				CLANG_ENABLE_OBJC_ARC = YES;
				CLANG_WARN_BOOL_CONVERSION = YES;
				CLANG_WARN_CONSTANT_CONVERSION = YES;
				CLANG_WARN_DIRECT_OBJC_ISA_USAGE = YES_ERROR;
				CLANG_WARN_EMPTY_BODY = YES;
				CLANG_WARN_ENUM_CONVERSION = YES;
				CLANG_WARN_INT_CONVERSION = YES;
				CLANG_WARN_OBJC_ROOT_CLASS = YES_ERROR;
				CLANG_WARN_UNREACHABLE_CODE = YES;
				CLANG_WARN__DUPLICATE_METHOD_MATCH = YES;
				"CODE_SIGN_IDENTITY[sdk=iphoneos*]" = "iPhone Developer";
				COPY_PHASE_STRIP = NO;
				DEBUG_INFORMATION_FORMAT = "dwarf-with-dsym";
				ENABLE_NS_ASSERTIONS = NO;
				ENABLE_STRICT_OBJC_MSGSEND = YES;
				GCC_C_LANGUAGE_STANDARD = gnu99;
				GCC_NO_COMMON_BLOCKS = YES;
				GCC_WARN_64_TO_32_BIT_CONVERSION = YES;
				GCC_WARN_ABOUT_RETURN_TYPE = YES_ERROR;
				GCC_WARN_UNDECLARED_SELECTOR = YES;
				GCC_WARN_UNINITIALIZED_AUTOS = YES_AGGRESSIVE;
				GCC_WARN_UNUSED_FUNCTION = YES;
				GCC_WARN_UNUSED_VARIABLE = YES;
				IPHONEOS_DEPLOYMENT_TARGET = 9.3;
				MTL_ENABLE_DEBUG_INFO = NO;
				SDKROOT = iphoneos;
				VALIDATE_PRODUCT = YES;
			};
			name = Release;
		};
		4F59DE5D1CC333B20058542B /* Debug */ = {
			isa = XCBuildConfiguration;
			baseConfigurationReference = D94F27FC62E77B642BF99D78 /* Pods-Spot Ninja.debug.xcconfig */;
			buildSettings = {
				ASSETCATALOG_COMPILER_APPICON_NAME = AppIcon;
				CLANG_ENABLE_MODULES = YES;
				CODE_SIGN_IDENTITY = "iPhone Developer";
				INFOPLIST_FILE = "Spot Ninja/Info.plist";
				LD_RUNPATH_SEARCH_PATHS = "$(inherited) @executable_path/Frameworks";
				PRODUCT_BUNDLE_IDENTIFIER = "SimplyMarcello.Spot-Ninja";
				PRODUCT_NAME = "$(TARGET_NAME)";
				SWIFT_OPTIMIZATION_LEVEL = "-Onone";
			};
			name = Debug;
		};
		4F59DE5E1CC333B20058542B /* Release */ = {
			isa = XCBuildConfiguration;
			baseConfigurationReference = 9BB3681328ACBD3AAE9796FA /* Pods-Spot Ninja.release.xcconfig */;
			buildSettings = {
				ASSETCATALOG_COMPILER_APPICON_NAME = AppIcon;
				CLANG_ENABLE_MODULES = YES;
				CODE_SIGN_IDENTITY = "iPhone Developer";
				INFOPLIST_FILE = "Spot Ninja/Info.plist";
				LD_RUNPATH_SEARCH_PATHS = "$(inherited) @executable_path/Frameworks";
				PRODUCT_BUNDLE_IDENTIFIER = "SimplyMarcello.Spot-Ninja";
				PRODUCT_NAME = "$(TARGET_NAME)";
			};
			name = Release;
		};
/* End XCBuildConfiguration section */

/* Begin XCConfigurationList section */
		4F59DE451CC333B20058542B /* Build configuration list for PBXProject "Spot Ninja" */ = {
			isa = XCConfigurationList;
			buildConfigurations = (
				4F59DE5A1CC333B20058542B /* Debug */,
				4F59DE5B1CC333B20058542B /* Release */,
			);
			defaultConfigurationIsVisible = 0;
			defaultConfigurationName = Release;
		};
		4F59DE5C1CC333B20058542B /* Build configuration list for PBXNativeTarget "Spot Ninja" */ = {
			isa = XCConfigurationList;
			buildConfigurations = (
				4F59DE5D1CC333B20058542B /* Debug */,
				4F59DE5E1CC333B20058542B /* Release */,
			);
			defaultConfigurationIsVisible = 0;
			defaultConfigurationName = Release;
		};
/* End XCConfigurationList section */
	};
	rootObject = 4F59DE421CC333B20058542B /* Project object */;
}
